// !$*UTF8*$!
{
	archiveVersion = 1;
	classes = {
	};
	objectVersion = 46;
	objects = {

/* Begin PBXBuildFile section */
		EB8A5BF81A7A2848006D9B56 /* MessageUI.framework in Frameworks */ = {isa = PBXBuildFile; fileRef = EB8A5BF71A7A2848006D9B56 /* MessageUI.framework */; };
		EBC449F91AC40DF700B1B38B /* CustomLabel.m in Sources */ = {isa = PBXBuildFile; fileRef = EBC449F81AC40DF700B1B38B /* CustomLabel.m */; };
		EBE7B6691A72559900591BA2 /* main.m in Sources */ = {isa = PBXBuildFile; fileRef = EBE7B6681A72559900591BA2 /* main.m */; };
		EBE7B66C1A72559900591BA2 /* AppDelegate.mm in Sources */ = {isa = PBXBuildFile; fileRef = EBE7B66B1A72559900591BA2 /* AppDelegate.mm */; };
		EBE7B66F1A72559900591BA2 /* ViewController.m in Sources */ = {isa = PBXBuildFile; fileRef = EBE7B66E1A72559900591BA2 /* ViewController.m */; };
		EBE7B6721A72559900591BA2 /* Main.storyboard in Resources */ = {isa = PBXBuildFile; fileRef = EBE7B6701A72559900591BA2 /* Main.storyboard */; };
		EBE7B6741A72559900591BA2 /* Images.xcassets in Resources */ = {isa = PBXBuildFile; fileRef = EBE7B6731A72559900591BA2 /* Images.xcassets */; };
		EBE7B6771A72559900591BA2 /* LaunchScreen.xib in Resources */ = {isa = PBXBuildFile; fileRef = EBE7B6751A72559900591BA2 /* LaunchScreen.xib */; };
		EBE7B6831A72559900591BA2 /* testTests.m in Sources */ = {isa = PBXBuildFile; fileRef = EBE7B6821A72559900591BA2 /* testTests.m */; };
/* End PBXBuildFile section */

/* Begin PBXContainerItemProxy section */
		EBE7B67D1A72559900591BA2 /* PBXContainerItemProxy */ = {
			isa = PBXContainerItemProxy;
			containerPortal = EBE7B65B1A72559800591BA2 /* Project object */;
			proxyType = 1;
			remoteGlobalIDString = EBE7B6621A72559800591BA2;
			remoteInfo = test;
		};
/* End PBXContainerItemProxy section */

/* Begin PBXFileReference section */
		EB8A5BF71A7A2848006D9B56 /* MessageUI.framework */ = {isa = PBXFileReference; lastKnownFileType = wrapper.framework; name = MessageUI.framework; path = System/Library/Frameworks/MessageUI.framework; sourceTree = SDKROOT; };
		EBC449F71AC40DF700B1B38B /* CustomLabel.h */ = {isa = PBXFileReference; fileEncoding = 4; lastKnownFileType = sourcecode.c.h; path = CustomLabel.h; sourceTree = "<group>"; };
		EBC449F81AC40DF700B1B38B /* CustomLabel.m */ = {isa = PBXFileReference; fileEncoding = 4; lastKnownFileType = sourcecode.c.objc; path = CustomLabel.m; sourceTree = "<group>"; };
		EBE7B6631A72559900591BA2 /* test.app */ = {isa = PBXFileReference; explicitFileType = wrapper.application; includeInIndex = 0; path = test.app; sourceTree = BUILT_PRODUCTS_DIR; };
		EBE7B6671A72559900591BA2 /* Info.plist */ = {isa = PBXFileReference; lastKnownFileType = text.plist.xml; path = Info.plist; sourceTree = "<group>"; };
		EBE7B6681A72559900591BA2 /* main.m */ = {isa = PBXFileReference; lastKnownFileType = sourcecode.c.objc; path = main.m; sourceTree = "<group>"; };
		EBE7B66A1A72559900591BA2 /* AppDelegate.h */ = {isa = PBXFileReference; lastKnownFileType = sourcecode.c.h; path = AppDelegate.h; sourceTree = "<group>"; };
		EBE7B66B1A72559900591BA2 /* AppDelegate.mm */ = {isa = PBXFileReference; lastKnownFileType = sourcecode.cpp.objcpp; path = AppDelegate.mm; sourceTree = "<group>"; };
		EBE7B66D1A72559900591BA2 /* ViewController.h */ = {isa = PBXFileReference; lastKnownFileType = sourcecode.c.h; path = ViewController.h; sourceTree = "<group>"; };
		EBE7B66E1A72559900591BA2 /* ViewController.m */ = {isa = PBXFileReference; lastKnownFileType = sourcecode.c.objc; path = ViewController.m; sourceTree = "<group>"; };
		EBE7B6711A72559900591BA2 /* Base */ = {isa = PBXFileReference; lastKnownFileType = file.storyboard; name = Base; path = Base.lproj/Main.storyboard; sourceTree = "<group>"; };
		EBE7B6731A72559900591BA2 /* Images.xcassets */ = {isa = PBXFileReference; lastKnownFileType = folder.assetcatalog; path = Images.xcassets; sourceTree = "<group>"; };
		EBE7B6761A72559900591BA2 /* Base */ = {isa = PBXFileReference; lastKnownFileType = file.xib; name = Base; path = Base.lproj/LaunchScreen.xib; sourceTree = "<group>"; };
		EBE7B67C1A72559900591BA2 /* testTests.xctest */ = {isa = PBXFileReference; explicitFileType = wrapper.cfbundle; includeInIndex = 0; path = testTests.xctest; sourceTree = BUILT_PRODUCTS_DIR; };
		EBE7B6811A72559900591BA2 /* Info.plist */ = {isa = PBXFileReference; lastKnownFileType = text.plist.xml; path = Info.plist; sourceTree = "<group>"; };
		EBE7B6821A72559900591BA2 /* testTests.m */ = {isa = PBXFileReference; lastKnownFileType = sourcecode.c.objc; path = testTests.m; sourceTree = "<group>"; };
/* End PBXFileReference section */

/* Begin PBXFrameworksBuildPhase section */
		EBE7B6601A72559800591BA2 /* Frameworks */ = {
			isa = PBXFrameworksBuildPhase;
			buildActionMask = 2147483647;
			files = (
				EB8A5BF81A7A2848006D9B56 /* MessageUI.framework in Frameworks */,
			);
			runOnlyForDeploymentPostprocessing = 0;
		};
		EBE7B6791A72559900591BA2 /* Frameworks */ = {
			isa = PBXFrameworksBuildPhase;
			buildActionMask = 2147483647;
			files = (
			);
			runOnlyForDeploymentPostprocessing = 0;
		};
/* End PBXFrameworksBuildPhase section */

/* Begin PBXGroup section */
		EB8A5BF61A7A2827006D9B56 /* Frameworks */ = {
			isa = PBXGroup;
			children = (
				EB8A5BF71A7A2848006D9B56 /* MessageUI.framework */,
			);
			name = Frameworks;
			sourceTree = "<group>";
		};
		EBE7B65A1A72559800591BA2 = {
			isa = PBXGroup;
			children = (
				EBE7B6651A72559900591BA2 /* test */,
				EBE7B67F1A72559900591BA2 /* testTests */,
				EB8A5BF61A7A2827006D9B56 /* Frameworks */,
				EBE7B6641A72559900591BA2 /* Products */,
			);
			sourceTree = "<group>";
		};
		EBE7B6641A72559900591BA2 /* Products */ = {
			isa = PBXGroup;
			children = (
				EBE7B6631A72559900591BA2 /* test.app */,
				EBE7B67C1A72559900591BA2 /* testTests.xctest */,
			);
			name = Products;
			sourceTree = "<group>";
		};
		EBE7B6651A72559900591BA2 /* test */ = {
			isa = PBXGroup;
			children = (
				EBE7B66A1A72559900591BA2 /* AppDelegate.h */,
				EBE7B66B1A72559900591BA2 /* AppDelegate.mm */,
				EBE7B66D1A72559900591BA2 /* ViewController.h */,
				EBE7B66E1A72559900591BA2 /* ViewController.m */,
				EBC449F71AC40DF700B1B38B /* CustomLabel.h */,
				EBC449F81AC40DF700B1B38B /* CustomLabel.m */,
				EBE7B6701A72559900591BA2 /* Main.storyboard */,
				EBE7B6731A72559900591BA2 /* Images.xcassets */,
				EBE7B6751A72559900591BA2 /* LaunchScreen.xib */,
				EBE7B6661A72559900591BA2 /* Supporting Files */,
			);
			path = test;
			sourceTree = "<group>";
		};
		EBE7B6661A72559900591BA2 /* Supporting Files */ = {
			isa = PBXGroup;
			children = (
				EBE7B6671A72559900591BA2 /* Info.plist */,
				EBE7B6681A72559900591BA2 /* main.m */,
			);
			name = "Supporting Files";
			sourceTree = "<group>";
		};
		EBE7B67F1A72559900591BA2 /* testTests */ = {
			isa = PBXGroup;
			children = (
				EBE7B6821A72559900591BA2 /* testTests.m */,
				EBE7B6801A72559900591BA2 /* Supporting Files */,
			);
			path = testTests;
			sourceTree = "<group>";
		};
		EBE7B6801A72559900591BA2 /* Supporting Files */ = {
			isa = PBXGroup;
			children = (
				EBE7B6811A72559900591BA2 /* Info.plist */,
			);
			name = "Supporting Files";
			sourceTree = "<group>";
		};
/* End PBXGroup section */

/* Begin PBXNativeTarget section */
		EBE7B6621A72559800591BA2 /* test */ = {
			isa = PBXNativeTarget;
			buildConfigurationList = EBE7B6861A72559900591BA2 /* Build configuration list for PBXNativeTarget "test" */;
			buildPhases = (
				EBE7B65F1A72559800591BA2 /* Sources */,
				EBE7B6601A72559800591BA2 /* Frameworks */,
				EBE7B6611A72559800591BA2 /* Resources */,
			);
			buildRules = (
			);
			dependencies = (
			);
			name = test;
			productName = test;
			productReference = EBE7B6631A72559900591BA2 /* test.app */;
			productType = "com.apple.product-type.application";
		};
		EBE7B67B1A72559900591BA2 /* testTests */ = {
			isa = PBXNativeTarget;
			buildConfigurationList = EBE7B6891A72559900591BA2 /* Build configuration list for PBXNativeTarget "testTests" */;
			buildPhases = (
				EBE7B6781A72559900591BA2 /* Sources */,
				EBE7B6791A72559900591BA2 /* Frameworks */,
				EBE7B67A1A72559900591BA2 /* Resources */,
			);
			buildRules = (
			);
			dependencies = (
				EBE7B67E1A72559900591BA2 /* PBXTargetDependency */,
			);
			name = testTests;
			productName = testTests;
			productReference = EBE7B67C1A72559900591BA2 /* testTests.xctest */;
			productType = "com.apple.product-type.bundle.unit-test";
		};
/* End PBXNativeTarget section */

/* Begin PBXProject section */
		EBE7B65B1A72559800591BA2 /* Project object */ = {
			isa = PBXProject;
			attributes = {
				LastUpgradeCheck = 0610;
				ORGANIZATIONNAME = Clement;
				TargetAttributes = {
					EBE7B6621A72559800591BA2 = {
						CreatedOnToolsVersion = 6.1.1;
					};
					EBE7B67B1A72559900591BA2 = {
						CreatedOnToolsVersion = 6.1.1;
						TestTargetID = EBE7B6621A72559800591BA2;
					};
				};
			};
			buildConfigurationList = EBE7B65E1A72559800591BA2 /* Build configuration list for PBXProject "test" */;
			compatibilityVersion = "Xcode 3.2";
			developmentRegion = English;
			hasScannedForEncodings = 0;
			knownRegions = (
				en,
				Base,
			);
			mainGroup = EBE7B65A1A72559800591BA2;
			productRefGroup = EBE7B6641A72559900591BA2 /* Products */;
			projectDirPath = "";
			projectRoot = "";
			targets = (
				EBE7B6621A72559800591BA2 /* test */,
				EBE7B67B1A72559900591BA2 /* testTests */,
			);
		};
/* End PBXProject section */

/* Begin PBXResourcesBuildPhase section */
		EBE7B6611A72559800591BA2 /* Resources */ = {
			isa = PBXResourcesBuildPhase;
			buildActionMask = 2147483647;
			files = (
				EBE7B6721A72559900591BA2 /* Main.storyboard in Resources */,
				EBE7B6771A72559900591BA2 /* LaunchScreen.xib in Resources */,
				EBE7B6741A72559900591BA2 /* Images.xcassets in Resources */,
			);
			runOnlyForDeploymentPostprocessing = 0;
		};
		EBE7B67A1A72559900591BA2 /* Resources */ = {
			isa = PBXResourcesBuildPhase;
			buildActionMask = 2147483647;
			files = (
			);
			runOnlyForDeploymentPostprocessing = 0;
		};
/* End PBXResourcesBuildPhase section */

/* Begin PBXSourcesBuildPhase section */
		EBE7B65F1A72559800591BA2 /* Sources */ = {
			isa = PBXSourcesBuildPhase;
			buildActionMask = 2147483647;
			files = (
				EBE7B66F1A72559900591BA2 /* ViewController.m in Sources */,
				EBE7B66C1A72559900591BA2 /* AppDelegate.mm in Sources */,
				EBE7B6691A72559900591BA2 /* main.m in Sources */,
				EBC449F91AC40DF700B1B38B /* CustomLabel.m in Sources */,
			);
			runOnlyForDeploymentPostprocessing = 0;
		};
		EBE7B6781A72559900591BA2 /* Sources */ = {
			isa = PBXSourcesBuildPhase;
			buildActionMask = 2147483647;
			files = (
				EBE7B6831A72559900591BA2 /* testTests.m in Sources */,
			);
			runOnlyForDeploymentPostprocessing = 0;
		};
/* End PBXSourcesBuildPhase section */

/* Begin PBXTargetDependency section */
		EBE7B67E1A72559900591BA2 /* PBXTargetDependency */ = {
			isa = PBXTargetDependency;
			target = EBE7B6621A72559800591BA2 /* test */;
			targetProxy = EBE7B67D1A72559900591BA2 /* PBXContainerItemProxy */;
		};
/* End PBXTargetDependency section */

/* Begin PBXVariantGroup section */
		EBE7B6701A72559900591BA2 /* Main.storyboard */ = {
			isa = PBXVariantGroup;
			children = (
				EBE7B6711A72559900591BA2 /* Base */,
			);
			name = Main.storyboard;
			sourceTree = "<group>";
		};
		EBE7B6751A72559900591BA2 /* LaunchScreen.xib */ = {
			isa = PBXVariantGroup;
			children = (
				EBE7B6761A72559900591BA2 /* Base */,
			);
			name = LaunchScreen.xib;
			sourceTree = "<group>";
		};
/* End PBXVariantGroup section */

/* Begin XCBuildConfiguration section */
		EBE7B6841A72559900591BA2 /* Debug */ = {
			isa = XCBuildConfiguration;
			buildSettings = {
				ALWAYS_SEARCH_USER_PATHS = NO;
				CLANG_CXX_LANGUAGE_STANDARD = "gnu++0x";
				CLANG_CXX_LIBRARY = "libc++";
				CLANG_ENABLE_MODULES = YES;
				CLANG_ENABLE_OBJC_ARC = YES;
				CLANG_WARN_BOOL_CONVERSION = YES;
				CLANG_WARN_CONSTANT_CONVERSION = YES;
				CLANG_WARN_DIRECT_OBJC_ISA_USAGE = YES_ERROR;
				CLANG_WARN_EMPTY_BODY = YES;
				CLANG_WARN_ENUM_CONVERSION = YES;
				CLANG_WARN_INT_CONVERSION = YES;
				CLANG_WARN_OBJC_ROOT_CLASS = YES_ERROR;
				CLANG_WARN_UNREACHABLE_CODE = YES;
				CLANG_WARN__DUPLICATE_METHOD_MATCH = YES;
				"CODE_SIGN_IDENTITY[sdk=iphoneos*]" = "iPhone Developer";
				COPY_PHASE_STRIP = NO;
				ENABLE_STRICT_OBJC_MSGSEND = YES;
				GCC_C_LANGUAGE_STANDARD = gnu99;
				GCC_DYNAMIC_NO_PIC = NO;
				GCC_OPTIMIZATION_LEVEL = 0;
				GCC_PREPROCESSOR_DEFINITIONS = (
					"DEBUG=1",
					"$(inherited)",
				);
				GCC_SYMBOLS_PRIVATE_EXTERN = NO;
				GCC_WARN_64_TO_32_BIT_CONVERSION = YES;
				GCC_WARN_ABOUT_RETURN_TYPE = YES_ERROR;
				GCC_WARN_UNDECLARED_SELECTOR = YES;
				GCC_WARN_UNINITIALIZED_AUTOS = YES_AGGRESSIVE;
				GCC_WARN_UNUSED_FUNCTION = YES;
				GCC_WARN_UNUSED_VARIABLE = YES;
				IPHONEOS_DEPLOYMENT_TARGET = 8.1;
				MTL_ENABLE_DEBUG_INFO = YES;
				ONLY_ACTIVE_ARCH = YES;
				SDKROOT = iphoneos;
				TARGETED_DEVICE_FAMILY = 2;
			};
			name = Debug;
		};
		EBE7B6851A72559900591BA2 /* Release */ = {
			isa = XCBuildConfiguration;
			buildSettings = {
				ALWAYS_SEARCH_USER_PATHS = NO;
				CLANG_CXX_LANGUAGE_STANDARD = "gnu++0x";
				CLANG_CXX_LIBRARY = "libc++";
				CLANG_ENABLE_MODULES = YES;
				CLANG_ENABLE_OBJC_ARC = YES;
				CLANG_WARN_BOOL_CONVERSION = YES;
				CLANG_WARN_CONSTANT_CONVERSION = YES;
				CLANG_WARN_DIRECT_OBJC_ISA_USAGE = YES_ERROR;
				CLANG_WARN_EMPTY_BODY = YES;
				CLANG_WARN_ENUM_CONVERSION = YES;
				CLANG_WARN_INT_CONVERSION = YES;
				CLANG_WARN_OBJC_ROOT_CLASS = YES_ERROR;
				CLANG_WARN_UNREACHABLE_CODE = YES;
				CLANG_WARN__DUPLICATE_METHOD_MATCH = YES;
				"CODE_SIGN_IDENTITY[sdk=iphoneos*]" = "iPhone Developer";
				COPY_PHASE_STRIP = YES;
				ENABLE_NS_ASSERTIONS = NO;
				ENABLE_STRICT_OBJC_MSGSEND = YES;
				GCC_C_LANGUAGE_STANDARD = gnu99;
				GCC_WARN_64_TO_32_BIT_CONVERSION = YES;
				GCC_WARN_ABOUT_RETURN_TYPE = YES_ERROR;
				GCC_WARN_UNDECLARED_SELECTOR = YES;
				GCC_WARN_UNINITIALIZED_AUTOS = YES_AGGRESSIVE;
				GCC_WARN_UNUSED_FUNCTION = YES;
				GCC_WARN_UNUSED_VARIABLE = YES;
				IPHONEOS_DEPLOYMENT_TARGET = 8.1;
				MTL_ENABLE_DEBUG_INFO = NO;
				SDKROOT = iphoneos;
				TARGETED_DEVICE_FAMILY = 2;
				VALIDATE_PRODUCT = YES;
			};
			name = Release;
		};
		EBE7B6871A72559900591BA2 /* Debug */ = {
			isa = XCBuildConfiguration;
			buildSettings = {
				ASSETCATALOG_COMPILER_APPICON_NAME = AppIcon;
				INFOPLIST_FILE = test/Info.plist;
				LD_RUNPATH_SEARCH_PATHS = "$(inherited) @executable_path/Frameworks";
				PRODUCT_NAME = "$(TARGET_NAME)";
				TARGETED_DEVICE_FAMILY = 1;
			};
			name = Debug;
		};
		EBE7B6881A72559900591BA2 /* Release */ = {
			isa = XCBuildConfiguration;
			buildSettings = {
				ASSETCATALOG_COMPILER_APPICON_NAME = AppIcon;
				INFOPLIST_FILE = test/Info.plist;
				LD_RUNPATH_SEARCH_PATHS = "$(inherited) @executable_path/Frameworks";
				PRODUCT_NAME = "$(TARGET_NAME)";
				TARGETED_DEVICE_FAMILY = 1;
			};
			name = Release;
		};
		EBE7B68A1A72559900591BA2 /* Debug */ = {
			isa = XCBuildConfiguration;
			buildSettings = {
				BUNDLE_LOADER = "$(TEST_HOST)";
				FRAMEWORK_SEARCH_PATHS = (
					"$(SDKROOT)/Developer/Library/Frameworks",
					"$(inherited)",
				);
				GCC_PREPROCESSOR_DEFINITIONS = (
					"DEBUG=1",
					"$(inherited)",
				);
				INFOPLIST_FILE = testTests/Info.plist;
				LD_RUNPATH_SEARCH_PATHS = "$(inherited) @executable_path/Frameworks @loader_path/Frameworks";
				PRODUCT_NAME = "$(TARGET_NAME)";
				TEST_HOST = "$(BUILT_PRODUCTS_DIR)/test.app/test";
			};
			name = Debug;
		};
		EBE7B68B1A72559900591BA2 /* Release */ = {
			isa = XCBuildConfiguration;
			buildSettings = {
				BUNDLE_LOADER = "$(TEST_HOST)";
				FRAMEWORK_SEARCH_PATHS = (
					"$(SDKROOT)/Developer/Library/Frameworks",
					"$(inherited)",
				);
				INFOPLIST_FILE = testTests/Info.plist;
				LD_RUNPATH_SEARCH_PATHS = "$(inherited) @executable_path/Frameworks @loader_path/Frameworks";
				PRODUCT_NAME = "$(TARGET_NAME)";
				TEST_HOST = "$(BUILT_PRODUCTS_DIR)/test.app/test";
			};
			name = Release;
		};
/* End XCBuildConfiguration section */

/* Begin XCConfigurationList section */
		EBE7B65E1A72559800591BA2 /* Build configuration list for PBXProject "test" */ = {
			isa = XCConfigurationList;
			buildConfigurations = (
				EBE7B6841A72559900591BA2 /* Debug */,
				EBE7B6851A72559900591BA2 /* Release */,
			);
			defaultConfigurationIsVisible = 0;
			defaultConfigurationName = Release;
		};
		EBE7B6861A72559900591BA2 /* Build configuration list for PBXNativeTarget "test" */ = {
			isa = XCConfigurationList;
			buildConfigurations = (
				EBE7B6871A72559900591BA2 /* Debug */,
				EBE7B6881A72559900591BA2 /* Release */,
			);
			defaultConfigurationIsVisible = 0;
			defaultConfigurationName = Release;
		};
		EBE7B6891A72559900591BA2 /* Build configuration list for PBXNativeTarget "testTests" */ = {
			isa = XCConfigurationList;
			buildConfigurations = (
				EBE7B68A1A72559900591BA2 /* Debug */,
				EBE7B68B1A72559900591BA2 /* Release */,
			);
			defaultConfigurationIsVisible = 0;
			defaultConfigurationName = Release;
		};
/* End XCConfigurationList section */
	};
	rootObject = EBE7B65B1A72559800591BA2 /* Project object */;
}
